lockfileVersion: '6.0'

settings:
  autoInstallPeers: true
  excludeLinksFromLockfile: false

dependencies:
  '@w5/binmap':
    specifier: ^0.0.4
    version: 0.0.4
  '@w5/write':
    specifier: ^0.0.1
    version: 0.0.1

packages:

  /@w5/binmap@0.0.4:
    resolution: {integrity: sha512-fGibGSemHhQoJMja3t0lQfo3muUAYeGGy4zMHeLuPxs82AOpBsTXTHfOLoyYn9tLoZjrnUstpwKRtBFA9Dep2w==}
    dev: false

  /@w5/write@0.0.1:
    resolution: {integrity: sha512-VyQXX2C3yRqfS7D5B+yCcsR1tvzZ1DzPLi5kugBOe/EeL+LOD3ftFamfik7wQr2TG7XQ7VF0snUpqVLaytwfOA==}
    dev: false
